
Microsoft Visual Studio Solution File, Format Version 12.00
# Visual Studio Version 17
VisualStudioVersion = 17.3.32819.101
MinimumVisualStudioVersion = 10.0.40219.1
Project("{FAE04EC0-301F-11D3-BF4B-00C04F79EFBC}") = "hrb c3", "hrb c3\hrb c3.csproj", "{D254A490-9F2C-4575-BD15-A6F2D86C6497}"
EndProject
Global
	GlobalSection(SolutionConfigurationPlatforms) = preSolution
		Debug|Any CPU = Debug|Any CPU
		Release|Any CPU = Release|Any CPU
	EndGlobalSection
	GlobalSection(ProjectConfigurationPlatforms) = postSolution
		{D254A490-9F2C-4575-BD15-A6F2D86C6497}.Debug|Any CPU.ActiveCfg = Debug|Any CPU
		{D254A490-9F2C-4575-BD15-A6F2D86C6497}.Debug|Any CPU.Build.0 = Debug|Any CPU
		{D254A490-9F2C-4575-BD15-A6F2D86C6497}.Release|Any CPU.ActiveCfg = Release|Any CPU
		{D254A490-9F2C-4575-BD15-A6F2D86C6497}.Release|Any CPU.Build.0 = Release|Any CPU
	EndGlobalSection
	GlobalSection(SolutionProperties) = preSolution
		HideSolutionNode = FALSE
	EndGlobalSection
	GlobalSection(ExtensibilityGlobals) = postSolution
		SolutionGuid = {9D3030B9-FB50-4B8C-8750-7A540EB14859}
	EndGlobalSection
EndGlobal
